
Microsoft Visual Studio Solution File, Format Version 12.00
# Visual Studio 15
VisualStudioVersion = 15.0.27428.2015
MinimumVisualStudioVersion = 10.0.40219.1
Project("{FAE04EC0-301F-11D3-BF4B-00C04F79EFBC}") = "NewTree", "NewTree\NewTree.csproj", "{AF24FA3B-084A-4ED9-8A5E-5ACB7190038C}"
EndProject
Global
	GlobalSection(SolutionConfigurationPlatforms) = preSolution
		Debug|Any CPU = Debug|Any CPU
		Release|Any CPU = Release|Any CPU
	EndGlobalSection
	GlobalSection(ProjectConfigurationPlatforms) = postSolution
		{AF24FA3B-084A-4ED9-8A5E-5ACB7190038C}.Debug|Any CPU.ActiveCfg = Debug|Any CPU
		{AF24FA3B-084A-4ED9-8A5E-5ACB7190038C}.Debug|Any CPU.Build.0 = Debug|Any CPU
		{AF24FA3B-084A-4ED9-8A5E-5ACB7190038C}.Release|Any CPU.ActiveCfg = Release|Any CPU
		{AF24FA3B-084A-4ED9-8A5E-5ACB7190038C}.Release|Any CPU.Build.0 = Release|Any CPU
	EndGlobalSection
	GlobalSection(SolutionProperties) = preSolution
		HideSolutionNode = FALSE
	EndGlobalSection
	GlobalSection(ExtensibilityGlobals) = postSolution
		SolutionGuid = {F167E574-601E-4A2B-BA56-C8E134D92FC7}
	EndGlobalSection
EndGlobal
